
Microsoft Visual Studio Solution File, Format Version 12.00
# Visual Studio 2013
VisualStudioVersion = 12.0.21005.1
MinimumVisualStudioVersion = 10.0.40219.1
Project("{FAE04EC0-301F-11D3-BF4B-00C04F79EFBC}") = "WebApplication", "WebApplication\WebApplication.csproj", "{EEE3D901-8F00-4BE2-99EE-EF1F5B2AA2BD}"
EndProject
Project("{FAE04EC0-301F-11D3-BF4B-00C04F79EFBC}") = "RecognitionOfPassports", "RecognitionOfPassports\RecognitionOfPassports.csproj", "{1A753BAB-E47C-4278-96D5-6B31AD2B6B61}"
EndProject
Global
	GlobalSection(SolutionConfigurationPlatforms) = preSolution
		Debug|Any CPU = Debug|Any CPU
		Release|Any CPU = Release|Any CPU
	EndGlobalSection
	GlobalSection(ProjectConfigurationPlatforms) = postSolution
		{EEE3D901-8F00-4BE2-99EE-EF1F5B2AA2BD}.Debug|Any CPU.ActiveCfg = Debug|Any CPU
		{EEE3D901-8F00-4BE2-99EE-EF1F5B2AA2BD}.Debug|Any CPU.Build.0 = Debug|Any CPU
		{EEE3D901-8F00-4BE2-99EE-EF1F5B2AA2BD}.Release|Any CPU.ActiveCfg = Release|Any CPU
		{EEE3D901-8F00-4BE2-99EE-EF1F5B2AA2BD}.Release|Any CPU.Build.0 = Release|Any CPU
		{1A753BAB-E47C-4278-96D5-6B31AD2B6B61}.Debug|Any CPU.ActiveCfg = Debug|Any CPU
		{1A753BAB-E47C-4278-96D5-6B31AD2B6B61}.Debug|Any CPU.Build.0 = Debug|Any CPU
		{1A753BAB-E47C-4278-96D5-6B31AD2B6B61}.Release|Any CPU.ActiveCfg = Release|Any CPU
		{1A753BAB-E47C-4278-96D5-6B31AD2B6B61}.Release|Any CPU.Build.0 = Release|Any CPU
	EndGlobalSection
	GlobalSection(SolutionProperties) = preSolution
		HideSolutionNode = FALSE
	EndGlobalSection
EndGlobal
